PODS:
  - Alamofire (4.6.0)
  - AlamofireNetworkActivityIndicator (2.2.0):
    - Alamofire (~> 4.5)
  - Charts (3.0.4):
    - Charts/Core (= 3.0.4)
  - Charts/Core (3.0.4)
  - DDMathParser (2.0.0)
  - IQKeyboardManagerSwift (5.0.6)
  - SwiftLint (0.24.0)
  - SwiftyJSON (4.0.0)
  - Sync (4.0.3)
  - Toast-Swift (2.0.0)

DEPENDENCIES:
  - Alamofire (~> 4.5)
  - AlamofireNetworkActivityIndicator (~> 2.2)
  - Charts
  - DDMathParser (from `https://github.com/davedelong/DDMathParser.git`, branch `swift4`)
  - IQKeyboardManagerSwift
  - SwiftLint (~> 0.23)
  - SwiftyJSON (~> 4.0.0-alpha.1)
  - Sync (~> 4)
  - Toast-Swift (from `https://github.com/scalessec/Toast-Swift.git`, branch `feature/Swift-4`)

EXTERNAL SOURCES:
  DDMathParser:
    :branch: swift4
    :git: https://github.com/davedelong/DDMathParser.git
  Toast-Swift:
    :branch: feature/Swift-4
    :git: https://github.com/scalessec/Toast-Swift.git

CHECKOUT OPTIONS:
  DDMathParser:
    :commit: 3926ce45e5effd3c863ef54c27065d1efd2da4fc
    :git: https://github.com/davedelong/DDMathParser.git
  Toast-Swift:
    :commit: e49071031503a7c5210bfac2651d9e08ba8cf435
    :git: https://github.com/scalessec/Toast-Swift.git

SPEC CHECKSUMS:
  Alamofire: f41a599bd63041760b26d393ec1069d9d7b917f4
  AlamofireNetworkActivityIndicator: 81e1630e7cfed22a4e4e82a174c59e651dc4f8ca
  Charts: 0705898046257443f0afbbc3179f4b67507b6e48
  DDMathParser: 74cddd0aa652cfed79e68fdd076f1ee63ab43a16
  IQKeyboardManagerSwift: 02bfbb0dff71c66d0ab77d80d25dfce0c3717735
  SwiftLint: a014c92b4664e8b13f380f8640a51bb1733778ba
  SwiftyJSON: 070dabdcb1beb81b247c65ffa3a79dbbfb3b48aa
  Sync: 0490b72e3322ba86095f603d7230bec36749f249
  Toast-Swift: 5b2f8f720f7e78e48511f693df1f9c9a6e38a25a

PODFILE CHECKSUM: f3aa1d9be4033ffe2214f824efd75561a2902157

COCOAPODS: 1.3.1
